github.com/xrfang/hap v1.0.1 h1:PprqNDTiLNIwKUzvEoh6IvhfHAGZRQ/4tUULUpZ0Pik=
github.com/xrfang/hap v1.0.1/go.mod h1:Moq/Jv9mIcw/g/8iDfiKa2/yVLUS4v5tEK5rGxCnutQ=
github.com/xrfang/hap v1.0.2 h1:AccLtQ6pkOu87xR85prRUJIxuKp7IZHrSKBroPYTLGc=
github.com/xrfang/hap v1.0.2/go.mod h1:Moq/Jv9mIcw/g/8iDfiKa2/yVLUS4v5tEK5rGxCnutQ=
